
Microsoft Visual Studio Solution File, Format Version 12.00
# Visual Studio Version 16
VisualStudioVersion = 25.0.1706.13
MinimumVisualStudioVersion = 10.0.40219.1
Project("{FAE04EC0-301F-11D3-BF4B-00C04F79EFBC}") = "bkd-utileria-centralizada", "bkd-utileria-centralizada\bkd-utileria-centralizada.csproj", "{D31BF0BA-CD4F-412D-AF71-4CD25738322A}"
EndProject
Global
	GlobalSection(SolutionConfigurationPlatforms) = preSolution
		Debug|Any CPU = Debug|Any CPU
		Release|Any CPU = Release|Any CPU
	EndGlobalSection
	GlobalSection(ProjectConfigurationPlatforms) = postSolution
		{D31BF0BA-CD4F-412D-AF71-4CD25738322A}.Debug|Any CPU.ActiveCfg = Debug|Any CPU
		{D31BF0BA-CD4F-412D-AF71-4CD25738322A}.Debug|Any CPU.Build.0 = Debug|Any CPU
		{D31BF0BA-CD4F-412D-AF71-4CD25738322A}.Release|Any CPU.ActiveCfg = Release|Any CPU
		{D31BF0BA-CD4F-412D-AF71-4CD25738322A}.Release|Any CPU.Build.0 = Release|Any CPU
	EndGlobalSection
	GlobalSection(SolutionProperties) = preSolution
		HideSolutionNode = FALSE
	EndGlobalSection
	GlobalSection(ExtensibilityGlobals) = postSolution
		SolutionGuid = {9CFBD811-51BD-4069-A537-84FB5568CA41}
	EndGlobalSection
EndGlobal
